
Microsoft Visual Studio Solution File, Format Version 12.00
# Visual Studio Version 17
VisualStudioVersion = 17.11.35222.181
MinimumVisualStudioVersion = 10.0.40219.1
Project("{2150E333-8FDC-42A3-9474-1A3956D46DE8}") = "Task0", "Task0", "{D1A5E226-DC86-4DD4-83BF-520CFB2E041D}"
EndProject
Project("{9A19103F-16F7-4668-BE54-9A1E7A4F7556}") = "Tyuiu.FedorovaDA.Sprint0.Task0.V0", "Tyuiu.FedorovaDA.Sprint0.Task0.V0\Tyuiu.FedorovaDA.Sprint0.Task0.V0.csproj", "{5BB22FFF-19A6-455D-B98E-3BA1301E385F}"
EndProject
Project("{2150E333-8FDC-42A3-9474-1A3956D46DE8}") = "Task1", "Task1", "{5F0DCACE-7CA8-4C74-8CEC-50081414A185}"
EndProject
Project("{9A19103F-16F7-4668-BE54-9A1E7A4F7556}") = "Tyuiu.FedorovaDA.Sprint0.Task1.V0", "Tyuiu.FedorovaDA.Sprint0.Task1.V0\Tyuiu.FedorovaDA.Sprint0.Task1.V0.csproj", "{C86EB5EA-C499-43E7-B133-C5136899D10C}"
EndProject
Project("{2150E333-8FDC-42A3-9474-1A3956D46DE8}") = "Task2", "Task2", "{EC7FB206-F2F7-4F35-985E-A20127998189}"
EndProject
Project("{9A19103F-16F7-4668-BE54-9A1E7A4F7556}") = "Tyuiu.FedorovaDA.Sprint0.Task2.V0.Lib", "Tyuiu.FedorovaDA.Sprint0.Task2.V0.Lib\Tyuiu.FedorovaDA.Sprint0.Task2.V0.Lib.csproj", "{9E741A9C-A8C5-444A-97AF-5DA0CB5884AC}"
EndProject
Project("{9A19103F-16F7-4668-BE54-9A1E7A4F7556}") = "Tyuiu.FedorovaDA.Sprint0.Task2.V0.Test", "Tyuiu.FedorovaDA.Sprint0.Task2.V0.Test\Tyuiu.FedorovaDA.Sprint0.Task2.V0.Test.csproj", "{B22BABA3-1878-44A6-A79D-A14957C3841C}"
EndProject
Project("{9A19103F-16F7-4668-BE54-9A1E7A4F7556}") = "Tyuiu.FedorovaDA.Sprint0.Task2.V0", "Tyuiu.FedorovaDA.Sprint0.Task2.V0\Tyuiu.FedorovaDA.Sprint0.Task2.V0.csproj", "{1EDFA013-E0E4-409B-A1BD-BA915A0D4F54}"
EndProject
Project("{2150E333-8FDC-42A3-9474-1A3956D46DE8}") = "Task3", "Task3", "{32C89807-51E2-4182-BCF7-51A7438757F7}"
EndProject
Project("{FAE04EC0-301F-11D3-BF4B-00C04F79EFBC}") = "Tyuiu.FedorovaDA.Sprint0.Task3.V0", "Tyuiu.FedorovaDA.Sprint0.Task3.V0\Tyuiu.FedorovaDA.Sprint0.Task3.V0.csproj", "{572713E4-591F-42E9-9146-DB0990AA95F5}"
EndProject
Project("{FAE04EC0-301F-11D3-BF4B-00C04F79EFBC}") = "Tyuiu.FedorovaDA.Sprint0.Task3.V0.Lib", "Tyuiu.FedorovaDA.Sprint0.Task3.V0.Lib\Tyuiu.FedorovaDA.Sprint0.Task3.V0.Lib.csproj", "{681A4510-E053-47A7-9467-067FB9CA9C79}"
EndProject
Project("{FAE04EC0-301F-11D3-BF4B-00C04F79EFBC}") = "Tyuiu.FedorovaDA.Sprint0.Task3.V0.Test", "Tyuiu.FedorovaDA.Sprint0.Task3.V0.Test\Tyuiu.FedorovaDA.Sprint0.Task3.V0.Test.csproj", "{563BC490-2712-43AC-8230-F1B36D074B43}"
EndProject
Global
	GlobalSection(SolutionConfigurationPlatforms) = preSolution
		Debug|Any CPU = Debug|Any CPU
		Release|Any CPU = Release|Any CPU
	EndGlobalSection
	GlobalSection(ProjectConfigurationPlatforms) = postSolution
		{5BB22FFF-19A6-455D-B98E-3BA1301E385F}.Debug|Any CPU.ActiveCfg = Debug|Any CPU
		{5BB22FFF-19A6-455D-B98E-3BA1301E385F}.Debug|Any CPU.Build.0 = Debug|Any CPU
		{5BB22FFF-19A6-455D-B98E-3BA1301E385F}.Release|Any CPU.ActiveCfg = Release|Any CPU
		{5BB22FFF-19A6-455D-B98E-3BA1301E385F}.Release|Any CPU.Build.0 = Release|Any CPU
		{C86EB5EA-C499-43E7-B133-C5136899D10C}.Debug|Any CPU.ActiveCfg = Debug|Any CPU
		{C86EB5EA-C499-43E7-B133-C5136899D10C}.Debug|Any CPU.Build.0 = Debug|Any CPU
		{C86EB5EA-C499-43E7-B133-C5136899D10C}.Release|Any CPU.ActiveCfg = Release|Any CPU
		{C86EB5EA-C499-43E7-B133-C5136899D10C}.Release|Any CPU.Build.0 = Release|Any CPU
		{9E741A9C-A8C5-444A-97AF-5DA0CB5884AC}.Debug|Any CPU.ActiveCfg = Debug|Any CPU
		{9E741A9C-A8C5-444A-97AF-5DA0CB5884AC}.Debug|Any CPU.Build.0 = Debug|Any CPU
		{9E741A9C-A8C5-444A-97AF-5DA0CB5884AC}.Release|Any CPU.ActiveCfg = Release|Any CPU
		{9E741A9C-A8C5-444A-97AF-5DA0CB5884AC}.Release|Any CPU.Build.0 = Release|Any CPU
		{B22BABA3-1878-44A6-A79D-A14957C3841C}.Debug|Any CPU.ActiveCfg = Debug|Any CPU
		{B22BABA3-1878-44A6-A79D-A14957C3841C}.Debug|Any CPU.Build.0 = Debug|Any CPU
		{B22BABA3-1878-44A6-A79D-A14957C3841C}.Release|Any CPU.ActiveCfg = Release|Any CPU
		{B22BABA3-1878-44A6-A79D-A14957C3841C}.Release|Any CPU.Build.0 = Release|Any CPU
		{1EDFA013-E0E4-409B-A1BD-BA915A0D4F54}.Debug|Any CPU.ActiveCfg = Debug|Any CPU
		{1EDFA013-E0E4-409B-A1BD-BA915A0D4F54}.Debug|Any CPU.Build.0 = Debug|Any CPU
		{1EDFA013-E0E4-409B-A1BD-BA915A0D4F54}.Release|Any CPU.ActiveCfg = Release|Any CPU
		{1EDFA013-E0E4-409B-A1BD-BA915A0D4F54}.Release|Any CPU.Build.0 = Release|Any CPU
		{572713E4-591F-42E9-9146-DB0990AA95F5}.Debug|Any CPU.ActiveCfg = Debug|Any CPU
		{572713E4-591F-42E9-9146-DB0990AA95F5}.Debug|Any CPU.Build.0 = Debug|Any CPU
		{572713E4-591F-42E9-9146-DB0990AA95F5}.Release|Any CPU.ActiveCfg = Release|Any CPU
		{572713E4-591F-42E9-9146-DB0990AA95F5}.Release|Any CPU.Build.0 = Release|Any CPU
		{681A4510-E053-47A7-9467-067FB9CA9C79}.Debug|Any CPU.ActiveCfg = Debug|Any CPU
		{681A4510-E053-47A7-9467-067FB9CA9C79}.Debug|Any CPU.Build.0 = Debug|Any CPU
		{681A4510-E053-47A7-9467-067FB9CA9C79}.Release|Any CPU.ActiveCfg = Release|Any CPU
		{681A4510-E053-47A7-9467-067FB9CA9C79}.Release|Any CPU.Build.0 = Release|Any CPU
		{563BC490-2712-43AC-8230-F1B36D074B43}.Debug|Any CPU.ActiveCfg = Debug|Any CPU
		{563BC490-2712-43AC-8230-F1B36D074B43}.Debug|Any CPU.Build.0 = Debug|Any CPU
		{563BC490-2712-43AC-8230-F1B36D074B43}.Release|Any CPU.ActiveCfg = Release|Any CPU
		{563BC490-2712-43AC-8230-F1B36D074B43}.Release|Any CPU.Build.0 = Release|Any CPU
	EndGlobalSection
	GlobalSection(SolutionProperties) = preSolution
		HideSolutionNode = FALSE
	EndGlobalSection
	GlobalSection(NestedProjects) = preSolution
		{5BB22FFF-19A6-455D-B98E-3BA1301E385F} = {D1A5E226-DC86-4DD4-83BF-520CFB2E041D}
		{C86EB5EA-C499-43E7-B133-C5136899D10C} = {5F0DCACE-7CA8-4C74-8CEC-50081414A185}
		{9E741A9C-A8C5-444A-97AF-5DA0CB5884AC} = {EC7FB206-F2F7-4F35-985E-A20127998189}
		{B22BABA3-1878-44A6-A79D-A14957C3841C} = {EC7FB206-F2F7-4F35-985E-A20127998189}
		{1EDFA013-E0E4-409B-A1BD-BA915A0D4F54} = {EC7FB206-F2F7-4F35-985E-A20127998189}
		{572713E4-591F-42E9-9146-DB0990AA95F5} = {32C89807-51E2-4182-BCF7-51A7438757F7}
		{681A4510-E053-47A7-9467-067FB9CA9C79} = {32C89807-51E2-4182-BCF7-51A7438757F7}
		{563BC490-2712-43AC-8230-F1B36D074B43} = {32C89807-51E2-4182-BCF7-51A7438757F7}
	EndGlobalSection
	GlobalSection(ExtensibilityGlobals) = postSolution
		SolutionGuid = {6B35CEC7-1F38-40F7-990A-2C67CBB9941F}
	EndGlobalSection
EndGlobal
