
Microsoft Visual Studio Solution File, Format Version 12.00
# Visual Studio Version 17
VisualStudioVersion = 17.11.35222.181
MinimumVisualStudioVersion = 10.0.40219.1
Project("{2150E333-8FDC-42A3-9474-1A3956D46DE8}") = "Task0", "Task0", "{D1A5E226-DC86-4DD4-83BF-520CFB2E041D}"
EndProject
Project("{9A19103F-16F7-4668-BE54-9A1E7A4F7556}") = "Tyuiu.FedorovaDA.Sprint0.Task0.V0", "Tyuiu.FedorovaDA.Sprint0.Task0.V0\Tyuiu.FedorovaDA.Sprint0.Task0.V0.csproj", "{5BB22FFF-19A6-455D-B98E-3BA1301E385F}"
EndProject
Project("{2150E333-8FDC-42A3-9474-1A3956D46DE8}") = "Task1", "Task1", "{5F0DCACE-7CA8-4C74-8CEC-50081414A185}"
EndProject
Project("{9A19103F-16F7-4668-BE54-9A1E7A4F7556}") = "Tyuiu.FedorovaDA.Sprint0.Task1.V0", "Tyuiu.FedorovaDA.Sprint0.Task1.V0\Tyuiu.FedorovaDA.Sprint0.Task1.V0.csproj", "{C86EB5EA-C499-43E7-B133-C5136899D10C}"
EndProject
Project("{2150E333-8FDC-42A3-9474-1A3956D46DE8}") = "Task2", "Task2", "{EC7FB206-F2F7-4F35-985E-A20127998189}"
EndProject
Project("{9A19103F-16F7-4668-BE54-9A1E7A4F7556}") = "Tyuiu.FedorovaDA.Sprint0.Task2.V0.Lib", "Tyuiu.FedorovaDA.Sprint0.Task2.V0.Lib\Tyuiu.FedorovaDA.Sprint0.Task2.V0.Lib.csproj", "{9E741A9C-A8C5-444A-97AF-5DA0CB5884AC}"
EndProject
Project("{9A19103F-16F7-4668-BE54-9A1E7A4F7556}") = "Tyuiu.FedorovaDA.Sprint0.Task2.V0.Test", "Tyuiu.FedorovaDA.Sprint0.Task2.V0.Test\Tyuiu.FedorovaDA.Sprint0.Task2.V0.Test.csproj", "{B22BABA3-1878-44A6-A79D-A14957C3841C}"
EndProject
Project("{9A19103F-16F7-4668-BE54-9A1E7A4F7556}") = "Tyuiu.FedorovaDA.Sprint0.Task2.V0", "Tyuiu.FedorovaDA.Sprint0.Task2.V0\Tyuiu.FedorovaDA.Sprint0.Task2.V0.csproj", "{1EDFA013-E0E4-409B-A1BD-BA915A0D4F54}"
EndProject
Project("{2150E333-8FDC-42A3-9474-1A3956D46DE8}") = "Task3", "Task3", "{32C89807-51E2-4182-BCF7-51A7438757F7}"
EndProject
Project("{9A19103F-16F7-4668-BE54-9A1E7A4F7556}") = "Tyuiu.FedorovaDA.Sprint0.Task3.V0", "Tyuiu.FedorovaDA.Sprint0.Task3.V0\Tyuiu.FedorovaDA.Sprint0.Task3.V0.csproj", "{572713E4-591F-42E9-9146-DB0990AA95F5}"
EndProject
Project("{9A19103F-16F7-4668-BE54-9A1E7A4F7556}") = "Tyuiu.FedorovaDA.Sprint0.Task3.V0.Lib", "Tyuiu.FedorovaDA.Sprint0.Task3.V0.Lib\Tyuiu.FedorovaDA.Sprint0.Task3.V0.Lib.csproj", "{681A4510-E053-47A7-9467-067FB9CA9C79}"
EndProject
Project("{9A19103F-16F7-4668-BE54-9A1E7A4F7556}") = "Tyuiu.FedorovaDA.Sprint0.Task3.V0.Test", "Tyuiu.FedorovaDA.Sprint0.Task3.V0.Test\Tyuiu.FedorovaDA.Sprint0.Task3.V0.Test.csproj", "{563BC490-2712-43AC-8230-F1B36D074B43}"
EndProject
Project("{2150E333-8FDC-42A3-9474-1A3956D46DE8}") = "Task4", "Task4", "{C31F08CF-A9E9-4C34-B0CB-956E4E52B77D}"
EndProject
Project("{FAE04EC0-301F-11D3-BF4B-00C04F79EFBC}") = "Tyuiu.FedorovaDA.Sprint0.Task4.V0", "Tyuiu.FedorovaDA.Sprint0.Task4.V0\Tyuiu.FedorovaDA.Sprint0.Task4.V0.csproj", "{9EB6893E-8A41-4091-835D-534759E0E5FC}"
EndProject
Project("{FAE04EC0-301F-11D3-BF4B-00C04F79EFBC}") = "Tyuiu.FedorovaDA.Sprint0.Task4.V0.Lib", "Tyuiu.FedorovaDA.Sprint0.Task4.V0.Lib\Tyuiu.FedorovaDA.Sprint0.Task4.V0.Lib.csproj", "{89B01D86-2823-4AE9-BD35-FE0BD680C22A}"
EndProject
Project("{FAE04EC0-301F-11D3-BF4B-00C04F79EFBC}") = "Tyuiu.FedorovaDA.Sprint0.Task4.V0.Test", "Tyuiu.FedorovaDA.Sprint0.Task4.V0.Test\Tyuiu.FedorovaDA.Sprint0.Task4.V0.Test.csproj", "{0B1C7138-F694-4764-8352-6DC73419871D}"
EndProject
Project("{2150E333-8FDC-42A3-9474-1A3956D46DE8}") = "Task5", "Task5", "{2AD72DC9-2190-4F85-9B5A-3940A5888F8E}"
EndProject
Project("{FAE04EC0-301F-11D3-BF4B-00C04F79EFBC}") = "Tyuiu.FedorovaDA.Sprint0.Task5.V0", "Tyuiu.FedorovaDA.Sprint0.Task5.V0\Tyuiu.FedorovaDA.Sprint0.Task5.V0.csproj", "{CAD61FCC-51D7-44BB-8570-8A21C3E94594}"
EndProject
Project("{FAE04EC0-301F-11D3-BF4B-00C04F79EFBC}") = "Tyuiu.FedorovaDA.Sprint0.Task5.V0.Lib", "Tyuiu.FedorovaDA.Sprint0.Task5.V0.Lib\Tyuiu.FedorovaDA.Sprint0.Task5.V0.Lib.csproj", "{5410DC8F-36A1-4DEA-B595-145DBF514D44}"
EndProject
Project("{FAE04EC0-301F-11D3-BF4B-00C04F79EFBC}") = "Tyuiu.FedorovaDA.Sprint0.Task5.V0.Test", "Tyuiu.FedorovaDA.Sprint0.Task5.V0.Test\Tyuiu.FedorovaDA.Sprint0.Task5.V0.Test.csproj", "{31DB8269-42DD-4CE5-90BA-0C48E71842EB}"
EndProject
Project("{2150E333-8FDC-42A3-9474-1A3956D46DE8}") = "Task6", "Task6", "{A5049C55-BBB8-4DE4-B889-9029F572BAC6}"
EndProject
Project("{FAE04EC0-301F-11D3-BF4B-00C04F79EFBC}") = "Tyuiu.FedorovaDA.Sprint0.Task6.V0", "Tyuiu.FedorovaDA.Sprint0.Task6.V0\Tyuiu.FedorovaDA.Sprint0.Task6.V0.csproj", "{7F1011E8-FB5C-42E2-81DC-F43393AAE9DF}"
EndProject
Project("{FAE04EC0-301F-11D3-BF4B-00C04F79EFBC}") = "Tyuiu.FedorovaDA.Sprint0.Task6.V0.Lib", "Tyuiu.FedorovaDA.Sprint0.Task6.V0.Lib\Tyuiu.FedorovaDA.Sprint0.Task6.V0.Lib.csproj", "{D2287F31-14B3-4AFE-8AB6-A5814C28B88E}"
EndProject
Project("{FAE04EC0-301F-11D3-BF4B-00C04F79EFBC}") = "Tyuiu.FedorovaDA.Sprint0.Task6.V0.Test", "Tyuiu.FedorovaDA.Sprint0.Task6.V0.Test\Tyuiu.FedorovaDA.Sprint0.Task6.V0.Test.csproj", "{4DAAC008-DD29-4B8B-8877-B312AD81DC13}"
EndProject
Project("{2150E333-8FDC-42A3-9474-1A3956D46DE8}") = "Task7", "Task7", "{7E138AEB-9CD2-428D-ACF3-84D46C2A2ACB}"
EndProject
Project("{FAE04EC0-301F-11D3-BF4B-00C04F79EFBC}") = "Tyuiu.FedorovaDA.Sprint0.Task7.V0", "Tyuiu.FedorovaDA.Sprint0.Task7.V0\Tyuiu.FedorovaDA.Sprint0.Task7.V0.csproj", "{9E142476-3A46-45C9-9C2A-AE86E7330AFD}"
EndProject
Project("{FAE04EC0-301F-11D3-BF4B-00C04F79EFBC}") = "Tyuiu.FedorovaDA.Sprint0.Task7.V0.Lib", "Tyuiu.FedorovaDA.Sprint0.Task7.V0.Lib\Tyuiu.FedorovaDA.Sprint0.Task7.V0.Lib.csproj", "{8E599505-708E-4C17-8089-73F6368ABF54}"
EndProject
Project("{FAE04EC0-301F-11D3-BF4B-00C04F79EFBC}") = "Tyuiu.FedorovaDA.Sprint0.Task7.V0.Test", "Tyuiu.FedorovaDA.Sprint0.Task7.V0.Test\Tyuiu.FedorovaDA.Sprint0.Task7.V0.Test.csproj", "{E6EC23D9-1FAF-417D-B9D1-7EB7DC285423}"
EndProject
Global
	GlobalSection(SolutionConfigurationPlatforms) = preSolution
		Debug|Any CPU = Debug|Any CPU
		Release|Any CPU = Release|Any CPU
	EndGlobalSection
	GlobalSection(ProjectConfigurationPlatforms) = postSolution
		{5BB22FFF-19A6-455D-B98E-3BA1301E385F}.Debug|Any CPU.ActiveCfg = Debug|Any CPU
		{5BB22FFF-19A6-455D-B98E-3BA1301E385F}.Debug|Any CPU.Build.0 = Debug|Any CPU
		{5BB22FFF-19A6-455D-B98E-3BA1301E385F}.Release|Any CPU.ActiveCfg = Release|Any CPU
		{5BB22FFF-19A6-455D-B98E-3BA1301E385F}.Release|Any CPU.Build.0 = Release|Any CPU
		{C86EB5EA-C499-43E7-B133-C5136899D10C}.Debug|Any CPU.ActiveCfg = Debug|Any CPU
		{C86EB5EA-C499-43E7-B133-C5136899D10C}.Debug|Any CPU.Build.0 = Debug|Any CPU
		{C86EB5EA-C499-43E7-B133-C5136899D10C}.Release|Any CPU.ActiveCfg = Release|Any CPU
		{C86EB5EA-C499-43E7-B133-C5136899D10C}.Release|Any CPU.Build.0 = Release|Any CPU
		{9E741A9C-A8C5-444A-97AF-5DA0CB5884AC}.Debug|Any CPU.ActiveCfg = Debug|Any CPU
		{9E741A9C-A8C5-444A-97AF-5DA0CB5884AC}.Debug|Any CPU.Build.0 = Debug|Any CPU
		{9E741A9C-A8C5-444A-97AF-5DA0CB5884AC}.Release|Any CPU.ActiveCfg = Release|Any CPU
		{9E741A9C-A8C5-444A-97AF-5DA0CB5884AC}.Release|Any CPU.Build.0 = Release|Any CPU
		{B22BABA3-1878-44A6-A79D-A14957C3841C}.Debug|Any CPU.ActiveCfg = Debug|Any CPU
		{B22BABA3-1878-44A6-A79D-A14957C3841C}.Debug|Any CPU.Build.0 = Debug|Any CPU
		{B22BABA3-1878-44A6-A79D-A14957C3841C}.Release|Any CPU.ActiveCfg = Release|Any CPU
		{B22BABA3-1878-44A6-A79D-A14957C3841C}.Release|Any CPU.Build.0 = Release|Any CPU
		{1EDFA013-E0E4-409B-A1BD-BA915A0D4F54}.Debug|Any CPU.ActiveCfg = Debug|Any CPU
		{1EDFA013-E0E4-409B-A1BD-BA915A0D4F54}.Debug|Any CPU.Build.0 = Debug|Any CPU
		{1EDFA013-E0E4-409B-A1BD-BA915A0D4F54}.Release|Any CPU.ActiveCfg = Release|Any CPU
		{1EDFA013-E0E4-409B-A1BD-BA915A0D4F54}.Release|Any CPU.Build.0 = Release|Any CPU
		{572713E4-591F-42E9-9146-DB0990AA95F5}.Debug|Any CPU.ActiveCfg = Debug|Any CPU
		{572713E4-591F-42E9-9146-DB0990AA95F5}.Debug|Any CPU.Build.0 = Debug|Any CPU
		{572713E4-591F-42E9-9146-DB0990AA95F5}.Release|Any CPU.ActiveCfg = Release|Any CPU
		{572713E4-591F-42E9-9146-DB0990AA95F5}.Release|Any CPU.Build.0 = Release|Any CPU
		{681A4510-E053-47A7-9467-067FB9CA9C79}.Debug|Any CPU.ActiveCfg = Debug|Any CPU
		{681A4510-E053-47A7-9467-067FB9CA9C79}.Debug|Any CPU.Build.0 = Debug|Any CPU
		{681A4510-E053-47A7-9467-067FB9CA9C79}.Release|Any CPU.ActiveCfg = Release|Any CPU
		{681A4510-E053-47A7-9467-067FB9CA9C79}.Release|Any CPU.Build.0 = Release|Any CPU
		{563BC490-2712-43AC-8230-F1B36D074B43}.Debug|Any CPU.ActiveCfg = Debug|Any CPU
		{563BC490-2712-43AC-8230-F1B36D074B43}.Debug|Any CPU.Build.0 = Debug|Any CPU
		{563BC490-2712-43AC-8230-F1B36D074B43}.Release|Any CPU.ActiveCfg = Release|Any CPU
		{563BC490-2712-43AC-8230-F1B36D074B43}.Release|Any CPU.Build.0 = Release|Any CPU
		{9EB6893E-8A41-4091-835D-534759E0E5FC}.Debug|Any CPU.ActiveCfg = Debug|Any CPU
		{9EB6893E-8A41-4091-835D-534759E0E5FC}.Debug|Any CPU.Build.0 = Debug|Any CPU
		{9EB6893E-8A41-4091-835D-534759E0E5FC}.Release|Any CPU.ActiveCfg = Release|Any CPU
		{9EB6893E-8A41-4091-835D-534759E0E5FC}.Release|Any CPU.Build.0 = Release|Any CPU
		{89B01D86-2823-4AE9-BD35-FE0BD680C22A}.Debug|Any CPU.ActiveCfg = Debug|Any CPU
		{89B01D86-2823-4AE9-BD35-FE0BD680C22A}.Debug|Any CPU.Build.0 = Debug|Any CPU
		{89B01D86-2823-4AE9-BD35-FE0BD680C22A}.Release|Any CPU.ActiveCfg = Release|Any CPU
		{89B01D86-2823-4AE9-BD35-FE0BD680C22A}.Release|Any CPU.Build.0 = Release|Any CPU
		{0B1C7138-F694-4764-8352-6DC73419871D}.Debug|Any CPU.ActiveCfg = Debug|Any CPU
		{0B1C7138-F694-4764-8352-6DC73419871D}.Debug|Any CPU.Build.0 = Debug|Any CPU
		{0B1C7138-F694-4764-8352-6DC73419871D}.Release|Any CPU.ActiveCfg = Release|Any CPU
		{0B1C7138-F694-4764-8352-6DC73419871D}.Release|Any CPU.Build.0 = Release|Any CPU
		{CAD61FCC-51D7-44BB-8570-8A21C3E94594}.Debug|Any CPU.ActiveCfg = Debug|Any CPU
		{CAD61FCC-51D7-44BB-8570-8A21C3E94594}.Debug|Any CPU.Build.0 = Debug|Any CPU
		{CAD61FCC-51D7-44BB-8570-8A21C3E94594}.Release|Any CPU.ActiveCfg = Release|Any CPU
		{CAD61FCC-51D7-44BB-8570-8A21C3E94594}.Release|Any CPU.Build.0 = Release|Any CPU
		{5410DC8F-36A1-4DEA-B595-145DBF514D44}.Debug|Any CPU.ActiveCfg = Debug|Any CPU
		{5410DC8F-36A1-4DEA-B595-145DBF514D44}.Debug|Any CPU.Build.0 = Debug|Any CPU
		{5410DC8F-36A1-4DEA-B595-145DBF514D44}.Release|Any CPU.ActiveCfg = Release|Any CPU
		{5410DC8F-36A1-4DEA-B595-145DBF514D44}.Release|Any CPU.Build.0 = Release|Any CPU
		{31DB8269-42DD-4CE5-90BA-0C48E71842EB}.Debug|Any CPU.ActiveCfg = Debug|Any CPU
		{31DB8269-42DD-4CE5-90BA-0C48E71842EB}.Debug|Any CPU.Build.0 = Debug|Any CPU
		{31DB8269-42DD-4CE5-90BA-0C48E71842EB}.Release|Any CPU.ActiveCfg = Release|Any CPU
		{31DB8269-42DD-4CE5-90BA-0C48E71842EB}.Release|Any CPU.Build.0 = Release|Any CPU
		{7F1011E8-FB5C-42E2-81DC-F43393AAE9DF}.Debug|Any CPU.ActiveCfg = Debug|Any CPU
		{7F1011E8-FB5C-42E2-81DC-F43393AAE9DF}.Debug|Any CPU.Build.0 = Debug|Any CPU
		{7F1011E8-FB5C-42E2-81DC-F43393AAE9DF}.Release|Any CPU.ActiveCfg = Release|Any CPU
		{7F1011E8-FB5C-42E2-81DC-F43393AAE9DF}.Release|Any CPU.Build.0 = Release|Any CPU
		{D2287F31-14B3-4AFE-8AB6-A5814C28B88E}.Debug|Any CPU.ActiveCfg = Debug|Any CPU
		{D2287F31-14B3-4AFE-8AB6-A5814C28B88E}.Debug|Any CPU.Build.0 = Debug|Any CPU
		{D2287F31-14B3-4AFE-8AB6-A5814C28B88E}.Release|Any CPU.ActiveCfg = Release|Any CPU
		{D2287F31-14B3-4AFE-8AB6-A5814C28B88E}.Release|Any CPU.Build.0 = Release|Any CPU
		{4DAAC008-DD29-4B8B-8877-B312AD81DC13}.Debug|Any CPU.ActiveCfg = Debug|Any CPU
		{4DAAC008-DD29-4B8B-8877-B312AD81DC13}.Debug|Any CPU.Build.0 = Debug|Any CPU
		{4DAAC008-DD29-4B8B-8877-B312AD81DC13}.Release|Any CPU.ActiveCfg = Release|Any CPU
		{4DAAC008-DD29-4B8B-8877-B312AD81DC13}.Release|Any CPU.Build.0 = Release|Any CPU
		{9E142476-3A46-45C9-9C2A-AE86E7330AFD}.Debug|Any CPU.ActiveCfg = Debug|Any CPU
		{9E142476-3A46-45C9-9C2A-AE86E7330AFD}.Debug|Any CPU.Build.0 = Debug|Any CPU
		{9E142476-3A46-45C9-9C2A-AE86E7330AFD}.Release|Any CPU.ActiveCfg = Release|Any CPU
		{9E142476-3A46-45C9-9C2A-AE86E7330AFD}.Release|Any CPU.Build.0 = Release|Any CPU
		{8E599505-708E-4C17-8089-73F6368ABF54}.Debug|Any CPU.ActiveCfg = Debug|Any CPU
		{8E599505-708E-4C17-8089-73F6368ABF54}.Debug|Any CPU.Build.0 = Debug|Any CPU
		{8E599505-708E-4C17-8089-73F6368ABF54}.Release|Any CPU.ActiveCfg = Release|Any CPU
		{8E599505-708E-4C17-8089-73F6368ABF54}.Release|Any CPU.Build.0 = Release|Any CPU
		{E6EC23D9-1FAF-417D-B9D1-7EB7DC285423}.Debug|Any CPU.ActiveCfg = Debug|Any CPU
		{E6EC23D9-1FAF-417D-B9D1-7EB7DC285423}.Debug|Any CPU.Build.0 = Debug|Any CPU
		{E6EC23D9-1FAF-417D-B9D1-7EB7DC285423}.Release|Any CPU.ActiveCfg = Release|Any CPU
		{E6EC23D9-1FAF-417D-B9D1-7EB7DC285423}.Release|Any CPU.Build.0 = Release|Any CPU
	EndGlobalSection
	GlobalSection(SolutionProperties) = preSolution
		HideSolutionNode = FALSE
	EndGlobalSection
	GlobalSection(NestedProjects) = preSolution
		{5BB22FFF-19A6-455D-B98E-3BA1301E385F} = {D1A5E226-DC86-4DD4-83BF-520CFB2E041D}
		{C86EB5EA-C499-43E7-B133-C5136899D10C} = {5F0DCACE-7CA8-4C74-8CEC-50081414A185}
		{9E741A9C-A8C5-444A-97AF-5DA0CB5884AC} = {EC7FB206-F2F7-4F35-985E-A20127998189}
		{B22BABA3-1878-44A6-A79D-A14957C3841C} = {EC7FB206-F2F7-4F35-985E-A20127998189}
		{1EDFA013-E0E4-409B-A1BD-BA915A0D4F54} = {EC7FB206-F2F7-4F35-985E-A20127998189}
		{572713E4-591F-42E9-9146-DB0990AA95F5} = {32C89807-51E2-4182-BCF7-51A7438757F7}
		{681A4510-E053-47A7-9467-067FB9CA9C79} = {32C89807-51E2-4182-BCF7-51A7438757F7}
		{563BC490-2712-43AC-8230-F1B36D074B43} = {32C89807-51E2-4182-BCF7-51A7438757F7}
		{9EB6893E-8A41-4091-835D-534759E0E5FC} = {C31F08CF-A9E9-4C34-B0CB-956E4E52B77D}
		{89B01D86-2823-4AE9-BD35-FE0BD680C22A} = {C31F08CF-A9E9-4C34-B0CB-956E4E52B77D}
		{0B1C7138-F694-4764-8352-6DC73419871D} = {C31F08CF-A9E9-4C34-B0CB-956E4E52B77D}
		{CAD61FCC-51D7-44BB-8570-8A21C3E94594} = {2AD72DC9-2190-4F85-9B5A-3940A5888F8E}
		{5410DC8F-36A1-4DEA-B595-145DBF514D44} = {2AD72DC9-2190-4F85-9B5A-3940A5888F8E}
		{31DB8269-42DD-4CE5-90BA-0C48E71842EB} = {2AD72DC9-2190-4F85-9B5A-3940A5888F8E}
		{7F1011E8-FB5C-42E2-81DC-F43393AAE9DF} = {A5049C55-BBB8-4DE4-B889-9029F572BAC6}
		{D2287F31-14B3-4AFE-8AB6-A5814C28B88E} = {A5049C55-BBB8-4DE4-B889-9029F572BAC6}
		{4DAAC008-DD29-4B8B-8877-B312AD81DC13} = {A5049C55-BBB8-4DE4-B889-9029F572BAC6}
		{9E142476-3A46-45C9-9C2A-AE86E7330AFD} = {7E138AEB-9CD2-428D-ACF3-84D46C2A2ACB}
		{8E599505-708E-4C17-8089-73F6368ABF54} = {7E138AEB-9CD2-428D-ACF3-84D46C2A2ACB}
		{E6EC23D9-1FAF-417D-B9D1-7EB7DC285423} = {7E138AEB-9CD2-428D-ACF3-84D46C2A2ACB}
	EndGlobalSection
	GlobalSection(ExtensibilityGlobals) = postSolution
		SolutionGuid = {6B35CEC7-1F38-40F7-990A-2C67CBB9941F}
	EndGlobalSection
EndGlobal
